
Microsoft Visual Studio Solution File, Format Version 12.00
# Visual Studio Version 17
VisualStudioVersion = 17.0.31903.59
MinimumVisualStudioVersion = 10.0.40219.1
Project("{FAE04EC0-301F-11D3-BF4B-00C04F79EFBC}") = "CalculatorTesting.Core", "CalculatorTesting.Core\CalculatorTesting.Core.csproj", "{4853302F-AFCC-4B16-AAB3-BEC66068216E}"
EndProject
Project("{FAE04EC0-301F-11D3-BF4B-00C04F79EFBC}") = "CalculatorTesting.Tests", "CalculatorTesting.Tests\CalculatorTesting.Tests.csproj", "{DF215B4B-B6F2-47CA-9DDB-DEB1C24088F9}"
EndProject
Global
	GlobalSection(SolutionConfigurationPlatforms) = preSolution
		Debug|Any CPU = Debug|Any CPU
		Debug|x64 = Debug|x64
		Debug|x86 = Debug|x86
		Release|Any CPU = Release|Any CPU
		Release|x64 = Release|x64
		Release|x86 = Release|x86
	EndGlobalSection
	GlobalSection(ProjectConfigurationPlatforms) = postSolution
		{4853302F-AFCC-4B16-AAB3-BEC66068216E}.Debug|Any CPU.ActiveCfg = Debug|Any CPU
		{4853302F-AFCC-4B16-AAB3-BEC66068216E}.Debug|Any CPU.Build.0 = Debug|Any CPU
		{4853302F-AFCC-4B16-AAB3-BEC66068216E}.Debug|x64.ActiveCfg = Debug|Any CPU
		{4853302F-AFCC-4B16-AAB3-BEC66068216E}.Debug|x64.Build.0 = Debug|Any CPU
		{4853302F-AFCC-4B16-AAB3-BEC66068216E}.Debug|x86.ActiveCfg = Debug|Any CPU
		{4853302F-AFCC-4B16-AAB3-BEC66068216E}.Debug|x86.Build.0 = Debug|Any CPU
		{4853302F-AFCC-4B16-AAB3-BEC66068216E}.Release|Any CPU.ActiveCfg = Release|Any CPU
		{4853302F-AFCC-4B16-AAB3-BEC66068216E}.Release|Any CPU.Build.0 = Release|Any CPU
		{4853302F-AFCC-4B16-AAB3-BEC66068216E}.Release|x64.ActiveCfg = Release|Any CPU
		{4853302F-AFCC-4B16-AAB3-BEC66068216E}.Release|x64.Build.0 = Release|Any CPU
		{4853302F-AFCC-4B16-AAB3-BEC66068216E}.Release|x86.ActiveCfg = Release|Any CPU
		{4853302F-AFCC-4B16-AAB3-BEC66068216E}.Release|x86.Build.0 = Release|Any CPU
		{DF215B4B-B6F2-47CA-9DDB-DEB1C24088F9}.Debug|Any CPU.ActiveCfg = Debug|Any CPU
		{DF215B4B-B6F2-47CA-9DDB-DEB1C24088F9}.Debug|Any CPU.Build.0 = Debug|Any CPU
		{DF215B4B-B6F2-47CA-9DDB-DEB1C24088F9}.Debug|x64.ActiveCfg = Debug|Any CPU
		{DF215B4B-B6F2-47CA-9DDB-DEB1C24088F9}.Debug|x64.Build.0 = Debug|Any CPU
		{DF215B4B-B6F2-47CA-9DDB-DEB1C24088F9}.Debug|x86.ActiveCfg = Debug|Any CPU
		{DF215B4B-B6F2-47CA-9DDB-DEB1C24088F9}.Debug|x86.Build.0 = Debug|Any CPU
		{DF215B4B-B6F2-47CA-9DDB-DEB1C24088F9}.Release|Any CPU.ActiveCfg = Release|Any CPU
		{DF215B4B-B6F2-47CA-9DDB-DEB1C24088F9}.Release|Any CPU.Build.0 = Release|Any CPU
		{DF215B4B-B6F2-47CA-9DDB-DEB1C24088F9}.Release|x64.ActiveCfg = Release|Any CPU
		{DF215B4B-B6F2-47CA-9DDB-DEB1C24088F9}.Release|x64.Build.0 = Release|Any CPU
		{DF215B4B-B6F2-47CA-9DDB-DEB1C24088F9}.Release|x86.ActiveCfg = Release|Any CPU
		{DF215B4B-B6F2-47CA-9DDB-DEB1C24088F9}.Release|x86.Build.0 = Release|Any CPU
	EndGlobalSection
	GlobalSection(SolutionProperties) = preSolution
		HideSolutionNode = FALSE
	EndGlobalSection
EndGlobal
